
Microsoft Visual Studio Solution File, Format Version 12.00
# Visual Studio Version 17
VisualStudioVersion = 17.13.35806.99 d17.13
MinimumVisualStudioVersion = 10.0.40219.1
Project("{FAE04EC0-301F-11D3-BF4B-00C04F79EFBC}") = "DogGame", "DogGame\DogGame.csproj", "{6AECE27F-3D6D-4422-8DCF-797C6DFBA0C6}"
EndProject
Global
	GlobalSection(SolutionConfigurationPlatforms) = preSolution
		Debug|Any CPU = Debug|Any CPU
		Release|Any CPU = Release|Any CPU
	EndGlobalSection
	GlobalSection(ProjectConfigurationPlatforms) = postSolution
		{6AECE27F-3D6D-4422-8DCF-797C6DFBA0C6}.Debug|Any CPU.ActiveCfg = Debug|Any CPU
		{6AECE27F-3D6D-4422-8DCF-797C6DFBA0C6}.Debug|Any CPU.Build.0 = Debug|Any CPU
		{6AECE27F-3D6D-4422-8DCF-797C6DFBA0C6}.Release|Any CPU.ActiveCfg = Release|Any CPU
		{6AECE27F-3D6D-4422-8DCF-797C6DFBA0C6}.Release|Any CPU.Build.0 = Release|Any CPU
	EndGlobalSection
	GlobalSection(SolutionProperties) = preSolution
		HideSolutionNode = FALSE
	EndGlobalSection
	GlobalSection(ExtensibilityGlobals) = postSolution
		SolutionGuid = {487881AA-9F10-4B52-AEC0-D3F32C1D86B5}
	EndGlobalSection
EndGlobal
